// !$*UTF8*$!
{
	archiveVersion = 1;
	classes = {
	};
	objectVersion = 54;
	objects = {

/* Begin PBXBuildFile section */
		02162763FCDEEC88D1EE863D /* StreamingQualityService.swift in Sources */ = {isa = PBXBuildFile; fileRef = C4C5C0A6F4487597E007C598 /* StreamingQualityService.swift */; };
		097BD7DA76248BF9B2019784 /* QualitySettingsService.swift in Sources */ = {isa = PBXBuildFile; fileRef = F3CDB9F92E961D44A6E8C3D0 /* QualitySettingsService.swift */; };
		10439DE3EF14154485F86ABB /* PrivacyService.swift in Sources */ = {isa = PBXBuildFile; fileRef = 6547BD91303A469295ABF5A8 /* PrivacyService.swift */; };
		217D0E5F46040CBD0F0BE9E3 /* SubscriptionTier.swift in Sources */ = {isa = PBXBuildFile; fileRef = 87F195438B393150F0616AC9 /* SubscriptionTier.swift */; };
		26AAE986908B16FF391AD74E /* MenuBarPopoverView.swift in Sources */ = {isa = PBXBuildFile; fileRef = D5E4B76C7341D245CCF64B4A /* MenuBarPopoverView.swift */; };
		2956433FD9F91A0B30077AC2 /* CustomOverlayService.swift in Sources */ = {isa = PBXBuildFile; fileRef = ADEED9F463A1BC27EC85A9D5 /* CustomOverlayService.swift */; };
		3ADA62B60EF0C492F9C3EF01 /* Assets.xcassets in Resources */ = {isa = PBXBuildFile; fileRef = F65FAE149D829154A41225B6 /* Assets.xcassets */; };
		50008D0747B0BBC53DAC720E /* RecordingStorageService.swift in Sources */ = {isa = PBXBuildFile; fileRef = 5317D53DE63022EAB31996CE /* RecordingStorageService.swift */; };
		512BE3182CB4E3FA23B8C523 /* DeviceScanService.swift in Sources */ = {isa = PBXBuildFile; fileRef = 3B65F4DC2E4B6B18F34E9753 /* DeviceScanService.swift */; };
		513906F6044911E1AE141109 /* CastIntents.swift in Sources */ = {isa = PBXBuildFile; fileRef = 6F6FCE7F4AE923203E8ACB73 /* CastIntents.swift */; };
		591BA425CE7B9703002C4A1A /* SubscriptionManager.swift in Sources */ = {isa = PBXBuildFile; fileRef = 743655CCA828669CE956338A /* SubscriptionManager.swift */; };
		5EFFE9987CBB2D4ACCA351A3 /* main.swift in Sources */ = {isa = PBXBuildFile; fileRef = 37D46EB88D693DFF13986B95 /* main.swift */; };
		6F27C4C2AE6389CE144DE5BC /* StreamService.swift in Sources */ = {isa = PBXBuildFile; fileRef = 5187C90212132F96611DECF0 /* StreamService.swift */; };
		6FC9EF3C40B3EA1F4BE00A3C /* MirrorSettingsView.swift in Sources */ = {isa = PBXBuildFile; fileRef = E23E39D8DF00DD38D1FB5035 /* MirrorSettingsView.swift */; };
		761C80647B61431E2240B33D /* CastService.swift in Sources */ = {isa = PBXBuildFile; fileRef = E4AD0F2C453D4AA560487DB5 /* CastService.swift */; };
		7C0F37D655EA58617C7E7355 /* CastAppState.swift in Sources */ = {isa = PBXBuildFile; fileRef = 6FA36FA300161142F909224E /* CastAppState.swift */; };
		8EF662176591B3A1D8EEF48A /* QualitySettingsView.swift in Sources */ = {isa = PBXBuildFile; fileRef = 5BE43E60C77118CDFBF2BF3B /* QualitySettingsView.swift */; };
		9A939951F4EC5E21C73E3D77 /* RecordingService.swift in Sources */ = {isa = PBXBuildFile; fileRef = B82394E5EC59E52BBD3219F1 /* RecordingService.swift */; };
		A5F6433579AA21E239FEE481 /* StreamSettingsService.swift in Sources */ = {isa = PBXBuildFile; fileRef = 5855EC1D90B0A34BB7279CF5 /* StreamSettingsService.swift */; };
		A684626DCA7DC2FBE6732576 /* CastDevice.swift in Sources */ = {isa = PBXBuildFile; fileRef = E5B7BB8189DCC3707D412665 /* CastDevice.swift */; };
		B4F1D41A80DE1EFA0DCE04C3 /* CastR12R15.swift in Sources */ = {isa = PBXBuildFile; fileRef = F55C76E70728412006DCF161 /* CastR12R15.swift */; };
		B901E408068CE8789A4D1B43 /* StreamSettingsView.swift in Sources */ = {isa = PBXBuildFile; fileRef = 67807A9772F9BE5473353B84 /* StreamSettingsView.swift */; };
		C5AAF270F9D3A471866E8B2C /* LiveReactionsView.swift in Sources */ = {isa = PBXBuildFile; fileRef = 901C1C5BA5BBC342FCBE7F1D /* LiveReactionsView.swift */; };
		C5CCD36FBBA92C3668611887 /* RecordingSettingsView.swift in Sources */ = {isa = PBXBuildFile; fileRef = 714C037A447537C9664584E0 /* RecordingSettingsView.swift */; };
		C863943EDFF14022A27BB789 /* MenuBarController.swift in Sources */ = {isa = PBXBuildFile; fileRef = 9E69A2798033DEBA444DFA46 /* MenuBarController.swift */; };
		CFDD1BC3F421784C9F05085D /* ScreenCaptureService.swift in Sources */ = {isa = PBXBuildFile; fileRef = 69490F6946EAA6E0B0645709 /* ScreenCaptureService.swift */; };
		D508FFBA956F8D4B5AE8552A /* LiveReactionService.swift in Sources */ = {isa = PBXBuildFile; fileRef = 97DAFB9D75131A5B76E58769 /* LiveReactionService.swift */; };
		D5883C811E582B00DA28EAE3 /* StreamInfoSheet.swift in Sources */ = {isa = PBXBuildFile; fileRef = 5525E1F09E6051007CD2C095 /* StreamInfoSheet.swift */; };
		DF8E9CED92C5577BEAB4C81A /* RecordingHistoryView.swift in Sources */ = {isa = PBXBuildFile; fileRef = E1ACD4274F88F17E2359BAD5 /* RecordingHistoryView.swift */; };
		E089DAA77D79F37D35DAEAA4 /* MediaSourceService.swift in Sources */ = {isa = PBXBuildFile; fileRef = 54BF9AF6840C28CF49706D72 /* MediaSourceService.swift */; };
		E0B443C7E6B161232BF227F6 /* CustomOverlayEditorView.swift in Sources */ = {isa = PBXBuildFile; fileRef = 604BDDAA9DABBCFE7447AA1C /* CustomOverlayEditorView.swift */; };
		E1B3627B916AE6C77D56ED2E /* AppDelegate.swift in Sources */ = {isa = PBXBuildFile; fileRef = 8E6F0FC5312D9E9382282335 /* AppDelegate.swift */; };
		E5553CDA9DBFD13E5C7F83CC /* DeviceScanView.swift in Sources */ = {isa = PBXBuildFile; fileRef = C1EC83F841F513C269B2222B /* DeviceScanView.swift */; };
		F10AD1CFDE06B9585482F003 /* MirrorSettingsService.swift in Sources */ = {isa = PBXBuildFile; fileRef = 730DD9CE2948447011136A01 /* MirrorSettingsService.swift */; };
/* End PBXBuildFile section */

/* Begin PBXFileReference section */
		37D46EB88D693DFF13986B95 /* main.swift */ = {isa = PBXFileReference; lastKnownFileType = sourcecode.swift; path = main.swift; sourceTree = "<group>"; };
		3B65F4DC2E4B6B18F34E9753 /* DeviceScanService.swift */ = {isa = PBXFileReference; lastKnownFileType = sourcecode.swift; path = DeviceScanService.swift; sourceTree = "<group>"; };
		5173E64F1141E7E5C7C45C11 /* Info.plist */ = {isa = PBXFileReference; lastKnownFileType = text.plist; path = Info.plist; sourceTree = "<group>"; };
		5187C90212132F96611DECF0 /* StreamService.swift */ = {isa = PBXFileReference; lastKnownFileType = sourcecode.swift; path = StreamService.swift; sourceTree = "<group>"; };
		5317D53DE63022EAB31996CE /* RecordingStorageService.swift */ = {isa = PBXFileReference; lastKnownFileType = sourcecode.swift; path = RecordingStorageService.swift; sourceTree = "<group>"; };
		54BF9AF6840C28CF49706D72 /* MediaSourceService.swift */ = {isa = PBXFileReference; lastKnownFileType = sourcecode.swift; path = MediaSourceService.swift; sourceTree = "<group>"; };
		5525E1F09E6051007CD2C095 /* StreamInfoSheet.swift */ = {isa = PBXFileReference; lastKnownFileType = sourcecode.swift; path = StreamInfoSheet.swift; sourceTree = "<group>"; };
		5855EC1D90B0A34BB7279CF5 /* StreamSettingsService.swift */ = {isa = PBXFileReference; lastKnownFileType = sourcecode.swift; path = StreamSettingsService.swift; sourceTree = "<group>"; };
		5BE43E60C77118CDFBF2BF3B /* QualitySettingsView.swift */ = {isa = PBXFileReference; lastKnownFileType = sourcecode.swift; path = QualitySettingsView.swift; sourceTree = "<group>"; };
		604BDDAA9DABBCFE7447AA1C /* CustomOverlayEditorView.swift */ = {isa = PBXFileReference; lastKnownFileType = sourcecode.swift; path = CustomOverlayEditorView.swift; sourceTree = "<group>"; };
		6547BD91303A469295ABF5A8 /* PrivacyService.swift */ = {isa = PBXFileReference; lastKnownFileType = sourcecode.swift; path = PrivacyService.swift; sourceTree = "<group>"; };
		67807A9772F9BE5473353B84 /* StreamSettingsView.swift */ = {isa = PBXFileReference; lastKnownFileType = sourcecode.swift; path = StreamSettingsView.swift; sourceTree = "<group>"; };
		69490F6946EAA6E0B0645709 /* ScreenCaptureService.swift */ = {isa = PBXFileReference; lastKnownFileType = sourcecode.swift; path = ScreenCaptureService.swift; sourceTree = "<group>"; };
		6F6FCE7F4AE923203E8ACB73 /* CastIntents.swift */ = {isa = PBXFileReference; lastKnownFileType = sourcecode.swift; path = CastIntents.swift; sourceTree = "<group>"; };
		6FA36FA300161142F909224E /* CastAppState.swift */ = {isa = PBXFileReference; lastKnownFileType = sourcecode.swift; path = CastAppState.swift; sourceTree = "<group>"; };
		714C037A447537C9664584E0 /* RecordingSettingsView.swift */ = {isa = PBXFileReference; lastKnownFileType = sourcecode.swift; path = RecordingSettingsView.swift; sourceTree = "<group>"; };
		730DD9CE2948447011136A01 /* MirrorSettingsService.swift */ = {isa = PBXFileReference; lastKnownFileType = sourcecode.swift; path = MirrorSettingsService.swift; sourceTree = "<group>"; };
		743655CCA828669CE956338A /* SubscriptionManager.swift */ = {isa = PBXFileReference; lastKnownFileType = sourcecode.swift; path = SubscriptionManager.swift; sourceTree = "<group>"; };
		87F195438B393150F0616AC9 /* SubscriptionTier.swift */ = {isa = PBXFileReference; lastKnownFileType = sourcecode.swift; path = SubscriptionTier.swift; sourceTree = "<group>"; };
		8E6F0FC5312D9E9382282335 /* AppDelegate.swift */ = {isa = PBXFileReference; lastKnownFileType = sourcecode.swift; path = AppDelegate.swift; sourceTree = "<group>"; };
		901C1C5BA5BBC342FCBE7F1D /* LiveReactionsView.swift */ = {isa = PBXFileReference; lastKnownFileType = sourcecode.swift; path = LiveReactionsView.swift; sourceTree = "<group>"; };
		97DAFB9D75131A5B76E58769 /* LiveReactionService.swift */ = {isa = PBXFileReference; lastKnownFileType = sourcecode.swift; path = LiveReactionService.swift; sourceTree = "<group>"; };
		9E69A2798033DEBA444DFA46 /* MenuBarController.swift */ = {isa = PBXFileReference; lastKnownFileType = sourcecode.swift; path = MenuBarController.swift; sourceTree = "<group>"; };
		ADEED9F463A1BC27EC85A9D5 /* CustomOverlayService.swift */ = {isa = PBXFileReference; lastKnownFileType = sourcecode.swift; path = CustomOverlayService.swift; sourceTree = "<group>"; };
		B82394E5EC59E52BBD3219F1 /* RecordingService.swift */ = {isa = PBXFileReference; lastKnownFileType = sourcecode.swift; path = RecordingService.swift; sourceTree = "<group>"; };
		C1EC83F841F513C269B2222B /* DeviceScanView.swift */ = {isa = PBXFileReference; lastKnownFileType = sourcecode.swift; path = DeviceScanView.swift; sourceTree = "<group>"; };
		C4C5C0A6F4487597E007C598 /* StreamingQualityService.swift */ = {isa = PBXFileReference; lastKnownFileType = sourcecode.swift; path = StreamingQualityService.swift; sourceTree = "<group>"; };
		D5E4B76C7341D245CCF64B4A /* MenuBarPopoverView.swift */ = {isa = PBXFileReference; lastKnownFileType = sourcecode.swift; path = MenuBarPopoverView.swift; sourceTree = "<group>"; };
		D70D51D5EBE0073B678E3416 /* Cast.app */ = {isa = PBXFileReference; explicitFileType = wrapper.application; includeInIndex = 0; path = Cast.app; sourceTree = BUILT_PRODUCTS_DIR; };
		E1ACD4274F88F17E2359BAD5 /* RecordingHistoryView.swift */ = {isa = PBXFileReference; lastKnownFileType = sourcecode.swift; path = RecordingHistoryView.swift; sourceTree = "<group>"; };
		E23E39D8DF00DD38D1FB5035 /* MirrorSettingsView.swift */ = {isa = PBXFileReference; lastKnownFileType = sourcecode.swift; path = MirrorSettingsView.swift; sourceTree = "<group>"; };
		E4AD0F2C453D4AA560487DB5 /* CastService.swift */ = {isa = PBXFileReference; lastKnownFileType = sourcecode.swift; path = CastService.swift; sourceTree = "<group>"; };
		E5B7BB8189DCC3707D412665 /* CastDevice.swift */ = {isa = PBXFileReference; lastKnownFileType = sourcecode.swift; path = CastDevice.swift; sourceTree = "<group>"; };
		E9FC02DE5AA175490273F363 /* Cast.entitlements */ = {isa = PBXFileReference; lastKnownFileType = text.plist.entitlements; path = Cast.entitlements; sourceTree = "<group>"; };
		F3CDB9F92E961D44A6E8C3D0 /* QualitySettingsService.swift */ = {isa = PBXFileReference; lastKnownFileType = sourcecode.swift; path = QualitySettingsService.swift; sourceTree = "<group>"; };
		F55C76E70728412006DCF161 /* CastR12R15.swift */ = {isa = PBXFileReference; lastKnownFileType = sourcecode.swift; path = CastR12R15.swift; sourceTree = "<group>"; };
		F65FAE149D829154A41225B6 /* Assets.xcassets */ = {isa = PBXFileReference; lastKnownFileType = folder.assetcatalog; path = Assets.xcassets; sourceTree = "<group>"; };
/* End PBXFileReference section */

/* Begin PBXGroup section */
		00EDD6A2C78C52364C2D18DF /* Intents */ = {
			isa = PBXGroup;
			children = (
				6F6FCE7F4AE923203E8ACB73 /* CastIntents.swift */,
			);
			path = Intents;
			sourceTree = "<group>";
		};
		08D34BA1F5E57D2DC01A36EA /* Models */ = {
			isa = PBXGroup;
			children = (
				E5B7BB8189DCC3707D412665 /* CastDevice.swift */,
				F55C76E70728412006DCF161 /* CastR12R15.swift */,
				87F195438B393150F0616AC9 /* SubscriptionTier.swift */,
			);
			path = Models;
			sourceTree = "<group>";
		};
		13D1CF3B362CA8285CDEF702 /* Services */ = {
			isa = PBXGroup;
			children = (
				E4AD0F2C453D4AA560487DB5 /* CastService.swift */,
				ADEED9F463A1BC27EC85A9D5 /* CustomOverlayService.swift */,
				3B65F4DC2E4B6B18F34E9753 /* DeviceScanService.swift */,
				97DAFB9D75131A5B76E58769 /* LiveReactionService.swift */,
				54BF9AF6840C28CF49706D72 /* MediaSourceService.swift */,
				730DD9CE2948447011136A01 /* MirrorSettingsService.swift */,
				6547BD91303A469295ABF5A8 /* PrivacyService.swift */,
				F3CDB9F92E961D44A6E8C3D0 /* QualitySettingsService.swift */,
				B82394E5EC59E52BBD3219F1 /* RecordingService.swift */,
				5317D53DE63022EAB31996CE /* RecordingStorageService.swift */,
				69490F6946EAA6E0B0645709 /* ScreenCaptureService.swift */,
				C4C5C0A6F4487597E007C598 /* StreamingQualityService.swift */,
				5187C90212132F96611DECF0 /* StreamService.swift */,
				5855EC1D90B0A34BB7279CF5 /* StreamSettingsService.swift */,
				743655CCA828669CE956338A /* SubscriptionManager.swift */,
			);
			path = Services;
			sourceTree = "<group>";
		};
		2603FBE35C384A1D36FB324D /* MenuBar */ = {
			isa = PBXGroup;
			children = (
				9E69A2798033DEBA444DFA46 /* MenuBarController.swift */,
				D5E4B76C7341D245CCF64B4A /* MenuBarPopoverView.swift */,
			);
			path = MenuBar;
			sourceTree = "<group>";
		};
		3C8E943DB45B0C898B331911 /* App */ = {
			isa = PBXGroup;
			children = (
				8E6F0FC5312D9E9382282335 /* AppDelegate.swift */,
				6FA36FA300161142F909224E /* CastAppState.swift */,
				37D46EB88D693DFF13986B95 /* main.swift */,
			);
			path = App;
			sourceTree = "<group>";
		};
		53E098612F1CF9DFE9282B8A /* Views */ = {
			isa = PBXGroup;
			children = (
				604BDDAA9DABBCFE7447AA1C /* CustomOverlayEditorView.swift */,
				C1EC83F841F513C269B2222B /* DeviceScanView.swift */,
				901C1C5BA5BBC342FCBE7F1D /* LiveReactionsView.swift */,
				E23E39D8DF00DD38D1FB5035 /* MirrorSettingsView.swift */,
				5BE43E60C77118CDFBF2BF3B /* QualitySettingsView.swift */,
				E1ACD4274F88F17E2359BAD5 /* RecordingHistoryView.swift */,
				714C037A447537C9664584E0 /* RecordingSettingsView.swift */,
				5525E1F09E6051007CD2C095 /* StreamInfoSheet.swift */,
				67807A9772F9BE5473353B84 /* StreamSettingsView.swift */,
			);
			path = Views;
			sourceTree = "<group>";
		};
		601F530894EB32798AF15709 /* Products */ = {
			isa = PBXGroup;
			children = (
				D70D51D5EBE0073B678E3416 /* Cast.app */,
			);
			name = Products;
			sourceTree = "<group>";
		};
		71397305D3F9BF13C506A07A = {
			isa = PBXGroup;
			children = (
				E2D011F216F6C8200A71FD58 /* Sources */,
				601F530894EB32798AF15709 /* Products */,
			);
			sourceTree = "<group>";
		};
		E2D011F216F6C8200A71FD58 /* Sources */ = {
			isa = PBXGroup;
			children = (
				3C8E943DB45B0C898B331911 /* App */,
				00EDD6A2C78C52364C2D18DF /* Intents */,
				2603FBE35C384A1D36FB324D /* MenuBar */,
				08D34BA1F5E57D2DC01A36EA /* Models */,
				F2634C7F42EED78429774A75 /* Resources */,
				13D1CF3B362CA8285CDEF702 /* Services */,
				53E098612F1CF9DFE9282B8A /* Views */,
			);
			path = Sources;
			sourceTree = "<group>";
		};
		F2634C7F42EED78429774A75 /* Resources */ = {
			isa = PBXGroup;
			children = (
				F65FAE149D829154A41225B6 /* Assets.xcassets */,
				E9FC02DE5AA175490273F363 /* Cast.entitlements */,
				5173E64F1141E7E5C7C45C11 /* Info.plist */,
			);
			path = Resources;
			sourceTree = "<group>";
		};
/* End PBXGroup section */

/* Begin PBXNativeTarget section */
		64018D2D60DC3703736291D7 /* Cast */ = {
			isa = PBXNativeTarget;
			buildConfigurationList = DADD3C604D4A41E5C4EB6990 /* Build configuration list for PBXNativeTarget "Cast" */;
			buildPhases = (
				05FF88487E3E11AEFBCC16B9 /* Sources */,
				9DE944FF78579391620ED3CD /* Resources */,
			);
			buildRules = (
			);
			dependencies = (
			);
			name = Cast;
			productName = Cast;
			productReference = D70D51D5EBE0073B678E3416 /* Cast.app */;
			productType = "com.apple.product-type.application";
		};
/* End PBXNativeTarget section */

/* Begin PBXProject section */
		C83C3A8B00D9B9AB0327273F /* Project object */ = {
			isa = PBXProject;
			attributes = {
				BuildIndependentTargetsInParallel = YES;
				LastUpgradeCheck = 1500;
				TargetAttributes = {
					64018D2D60DC3703736291D7 = {
						DevelopmentTeam = "";
						ProvisioningStyle = Manual;
					};
				};
			};
			buildConfigurationList = 475DFF52578BCD0CAEF4FD8F /* Build configuration list for PBXProject "Cast" */;
			compatibilityVersion = "Xcode 14.0";
			developmentRegion = en;
			hasScannedForEncodings = 0;
			knownRegions = (
				Base,
				en,
			);
			mainGroup = 71397305D3F9BF13C506A07A;
			projectDirPath = "";
			projectRoot = "";
			targets = (
				64018D2D60DC3703736291D7 /* Cast */,
			);
		};
/* End PBXProject section */

/* Begin PBXResourcesBuildPhase section */
		9DE944FF78579391620ED3CD /* Resources */ = {
			isa = PBXResourcesBuildPhase;
			buildActionMask = 2147483647;
			files = (
				3ADA62B60EF0C492F9C3EF01 /* Assets.xcassets in Resources */,
			);
			runOnlyForDeploymentPostprocessing = 0;
		};
/* End PBXResourcesBuildPhase section */

/* Begin PBXSourcesBuildPhase section */
		05FF88487E3E11AEFBCC16B9 /* Sources */ = {
			isa = PBXSourcesBuildPhase;
			buildActionMask = 2147483647;
			files = (
				E1B3627B916AE6C77D56ED2E /* AppDelegate.swift in Sources */,
				7C0F37D655EA58617C7E7355 /* CastAppState.swift in Sources */,
				A684626DCA7DC2FBE6732576 /* CastDevice.swift in Sources */,
				513906F6044911E1AE141109 /* CastIntents.swift in Sources */,
				B4F1D41A80DE1EFA0DCE04C3 /* CastR12R15.swift in Sources */,
				761C80647B61431E2240B33D /* CastService.swift in Sources */,
				E0B443C7E6B161232BF227F6 /* CustomOverlayEditorView.swift in Sources */,
				2956433FD9F91A0B30077AC2 /* CustomOverlayService.swift in Sources */,
				512BE3182CB4E3FA23B8C523 /* DeviceScanService.swift in Sources */,
				E5553CDA9DBFD13E5C7F83CC /* DeviceScanView.swift in Sources */,
				D508FFBA956F8D4B5AE8552A /* LiveReactionService.swift in Sources */,
				C5AAF270F9D3A471866E8B2C /* LiveReactionsView.swift in Sources */,
				E089DAA77D79F37D35DAEAA4 /* MediaSourceService.swift in Sources */,
				C863943EDFF14022A27BB789 /* MenuBarController.swift in Sources */,
				26AAE986908B16FF391AD74E /* MenuBarPopoverView.swift in Sources */,
				F10AD1CFDE06B9585482F003 /* MirrorSettingsService.swift in Sources */,
				6FC9EF3C40B3EA1F4BE00A3C /* MirrorSettingsView.swift in Sources */,
				10439DE3EF14154485F86ABB /* PrivacyService.swift in Sources */,
				097BD7DA76248BF9B2019784 /* QualitySettingsService.swift in Sources */,
				8EF662176591B3A1D8EEF48A /* QualitySettingsView.swift in Sources */,
				DF8E9CED92C5577BEAB4C81A /* RecordingHistoryView.swift in Sources */,
				9A939951F4EC5E21C73E3D77 /* RecordingService.swift in Sources */,
				C5CCD36FBBA92C3668611887 /* RecordingSettingsView.swift in Sources */,
				50008D0747B0BBC53DAC720E /* RecordingStorageService.swift in Sources */,
				CFDD1BC3F421784C9F05085D /* ScreenCaptureService.swift in Sources */,
				D5883C811E582B00DA28EAE3 /* StreamInfoSheet.swift in Sources */,
				6F27C4C2AE6389CE144DE5BC /* StreamService.swift in Sources */,
				A5F6433579AA21E239FEE481 /* StreamSettingsService.swift in Sources */,
				B901E408068CE8789A4D1B43 /* StreamSettingsView.swift in Sources */,
				02162763FCDEEC88D1EE863D /* StreamingQualityService.swift in Sources */,
				591BA425CE7B9703002C4A1A /* SubscriptionManager.swift in Sources */,
				217D0E5F46040CBD0F0BE9E3 /* SubscriptionTier.swift in Sources */,
				5EFFE9987CBB2D4ACCA351A3 /* main.swift in Sources */,
			);
			runOnlyForDeploymentPostprocessing = 0;
		};
/* End PBXSourcesBuildPhase section */

/* Begin XCBuildConfiguration section */
		75D2E778EE0FE35E9F679912 /* Release */ = {
			isa = XCBuildConfiguration;
			buildSettings = {
				ASSETCATALOG_COMPILER_APPICON_NAME = AppIcon;
				CODE_SIGN_ENTITLEMENTS = Sources/Resources/Cast.entitlements;
				CODE_SIGN_IDENTITY = "-";
				CODE_SIGN_STYLE = Manual;
				COMBINE_HIDPI_IMAGES = YES;
				CURRENT_PROJECT_VERSION = 1;
				DEVELOPMENT_TEAM = "";
				ENABLE_HARDENED_RUNTIME = YES;
				INFOPLIST_FILE = Sources/Resources/Info.plist;
				LD_RUNPATH_SEARCH_PATHS = "@executable_path/../Frameworks";
				MACOSX_DEPLOYMENT_TARGET = 13.0;
				MARKETING_VERSION = 1.0.0;
				PRODUCT_BUNDLE_IDENTIFIER = com.cast.app;
				PRODUCT_NAME = Cast;
				SDKROOT = macosx;
				SWIFT_VERSION = 5.9;
			};
			name = Release;
		};
		88BF24FAECC486CD37124332 /* Debug */ = {
			isa = XCBuildConfiguration;
			buildSettings = {
				ALWAYS_SEARCH_USER_PATHS = NO;
				CLANG_ANALYZER_NONNULL = YES;
				CLANG_ANALYZER_NUMBER_OBJECT_CONVERSION = YES_AGGRESSIVE;
				CLANG_CXX_LANGUAGE_STANDARD = "gnu++14";
				CLANG_CXX_LIBRARY = "libc++";
				CLANG_ENABLE_MODULES = YES;
				CLANG_ENABLE_OBJC_ARC = YES;
				CLANG_ENABLE_OBJC_WEAK = YES;
				CLANG_WARN_BLOCK_CAPTURE_AUTORELEASING = YES;
				CLANG_WARN_BOOL_CONVERSION = YES;
				CLANG_WARN_COMMA = YES;
				CLANG_WARN_CONSTANT_CONVERSION = YES;
				CLANG_WARN_DEPRECATED_OBJC_IMPLEMENTATIONS = YES;
				CLANG_WARN_DIRECT_OBJC_ISA_USAGE = YES_ERROR;
				CLANG_WARN_DOCUMENTATION_COMMENTS = YES;
				CLANG_WARN_EMPTY_BODY = YES;
				CLANG_WARN_ENUM_CONVERSION = YES;
				CLANG_WARN_INFINITE_RECURSION = YES;
				CLANG_WARN_INT_CONVERSION = YES;
				CLANG_WARN_NON_LITERAL_NULL_CONVERSION = YES;
				CLANG_WARN_OBJC_IMPLICIT_RETAIN_SELF = YES;
				CLANG_WARN_OBJC_LITERAL_CONVERSION = YES;
				CLANG_WARN_OBJC_ROOT_CLASS = YES_ERROR;
				CLANG_WARN_QUOTED_INCLUDE_IN_FRAMEWORK_HEADER = YES;
				CLANG_WARN_RANGE_LOOP_ANALYSIS = YES;
				CLANG_WARN_STRICT_PROTOTYPES = YES;
				CLANG_WARN_SUSPICIOUS_MOVE = YES;
				CLANG_WARN_UNGUARDED_AVAILABILITY = YES_AGGRESSIVE;
				CLANG_WARN_UNREACHABLE_CODE = YES;
				CLANG_WARN__DUPLICATE_METHOD_MATCH = YES;
				COPY_PHASE_STRIP = NO;
				DEBUG_INFORMATION_FORMAT = dwarf;
				ENABLE_STRICT_OBJC_MSGSEND = YES;
				ENABLE_TESTABILITY = YES;
				GCC_C_LANGUAGE_STANDARD = gnu11;
				GCC_DYNAMIC_NO_PIC = NO;
				GCC_NO_COMMON_BLOCKS = YES;
				GCC_OPTIMIZATION_LEVEL = 0;
				GCC_PREPROCESSOR_DEFINITIONS = (
					"$(inherited)",
					"DEBUG=1",
				);
				GCC_WARN_64_TO_32_BIT_CONVERSION = YES;
				GCC_WARN_ABOUT_RETURN_TYPE = YES_ERROR;
				GCC_WARN_UNDECLARED_SELECTOR = YES;
				GCC_WARN_UNINITIALIZED_AUTOS = YES_AGGRESSIVE;
				GCC_WARN_UNUSED_FUNCTION = YES;
				GCC_WARN_UNUSED_VARIABLE = YES;
				MACOSX_DEPLOYMENT_TARGET = 13.0;
				MTL_ENABLE_DEBUG_INFO = INCLUDE_SOURCE;
				MTL_FAST_MATH = YES;
				ONLY_ACTIVE_ARCH = YES;
				PRODUCT_NAME = "$(TARGET_NAME)";
				SDKROOT = macosx;
				SWIFT_ACTIVE_COMPILATION_CONDITIONS = DEBUG;
				SWIFT_OPTIMIZATION_LEVEL = "-Onone";
				SWIFT_VERSION = 5.0;
			};
			name = Debug;
		};
		B2673F3C85FCCC8C7D595666 /* Release */ = {
			isa = XCBuildConfiguration;
			buildSettings = {
				ALWAYS_SEARCH_USER_PATHS = NO;
				CLANG_ANALYZER_NONNULL = YES;
				CLANG_ANALYZER_NUMBER_OBJECT_CONVERSION = YES_AGGRESSIVE;
				CLANG_CXX_LANGUAGE_STANDARD = "gnu++14";
				CLANG_CXX_LIBRARY = "libc++";
				CLANG_ENABLE_MODULES = YES;
				CLANG_ENABLE_OBJC_ARC = YES;
				CLANG_ENABLE_OBJC_WEAK = YES;
				CLANG_WARN_BLOCK_CAPTURE_AUTORELEASING = YES;
				CLANG_WARN_BOOL_CONVERSION = YES;
				CLANG_WARN_COMMA = YES;
				CLANG_WARN_CONSTANT_CONVERSION = YES;
				CLANG_WARN_DEPRECATED_OBJC_IMPLEMENTATIONS = YES;
				CLANG_WARN_DIRECT_OBJC_ISA_USAGE = YES_ERROR;
				CLANG_WARN_DOCUMENTATION_COMMENTS = YES;
				CLANG_WARN_EMPTY_BODY = YES;
				CLANG_WARN_ENUM_CONVERSION = YES;
				CLANG_WARN_INFINITE_RECURSION = YES;
				CLANG_WARN_INT_CONVERSION = YES;
				CLANG_WARN_NON_LITERAL_NULL_CONVERSION = YES;
				CLANG_WARN_OBJC_IMPLICIT_RETAIN_SELF = YES;
				CLANG_WARN_OBJC_LITERAL_CONVERSION = YES;
				CLANG_WARN_OBJC_ROOT_CLASS = YES_ERROR;
				CLANG_WARN_QUOTED_INCLUDE_IN_FRAMEWORK_HEADER = YES;
				CLANG_WARN_RANGE_LOOP_ANALYSIS = YES;
				CLANG_WARN_STRICT_PROTOTYPES = YES;
				CLANG_WARN_SUSPICIOUS_MOVE = YES;
				CLANG_WARN_UNGUARDED_AVAILABILITY = YES_AGGRESSIVE;
				CLANG_WARN_UNREACHABLE_CODE = YES;
				CLANG_WARN__DUPLICATE_METHOD_MATCH = YES;
				COPY_PHASE_STRIP = NO;
				DEBUG_INFORMATION_FORMAT = "dwarf-with-dsym";
				ENABLE_NS_ASSERTIONS = NO;
				ENABLE_STRICT_OBJC_MSGSEND = YES;
				GCC_C_LANGUAGE_STANDARD = gnu11;
				GCC_NO_COMMON_BLOCKS = YES;
				GCC_WARN_64_TO_32_BIT_CONVERSION = YES;
				GCC_WARN_ABOUT_RETURN_TYPE = YES_ERROR;
				GCC_WARN_UNDECLARED_SELECTOR = YES;
				GCC_WARN_UNINITIALIZED_AUTOS = YES_AGGRESSIVE;
				GCC_WARN_UNUSED_FUNCTION = YES;
				GCC_WARN_UNUSED_VARIABLE = YES;
				MACOSX_DEPLOYMENT_TARGET = 13.0;
				MTL_ENABLE_DEBUG_INFO = NO;
				MTL_FAST_MATH = YES;
				PRODUCT_NAME = "$(TARGET_NAME)";
				SDKROOT = macosx;
				SWIFT_COMPILATION_MODE = wholemodule;
				SWIFT_OPTIMIZATION_LEVEL = "-O";
				SWIFT_VERSION = 5.0;
			};
			name = Release;
		};
		F3710559BCBB654BEC5BBE9F /* Debug */ = {
			isa = XCBuildConfiguration;
			buildSettings = {
				ASSETCATALOG_COMPILER_APPICON_NAME = AppIcon;
				CODE_SIGN_ENTITLEMENTS = Sources/Resources/Cast.entitlements;
				CODE_SIGN_IDENTITY = "-";
				CODE_SIGN_STYLE = Manual;
				COMBINE_HIDPI_IMAGES = YES;
				CURRENT_PROJECT_VERSION = 1;
				DEVELOPMENT_TEAM = "";
				ENABLE_HARDENED_RUNTIME = YES;
				INFOPLIST_FILE = Sources/Resources/Info.plist;
				LD_RUNPATH_SEARCH_PATHS = "@executable_path/../Frameworks";
				MACOSX_DEPLOYMENT_TARGET = 13.0;
				MARKETING_VERSION = 1.0.0;
				PRODUCT_BUNDLE_IDENTIFIER = com.cast.app;
				PRODUCT_NAME = Cast;
				SDKROOT = macosx;
				SWIFT_VERSION = 5.9;
			};
			name = Debug;
		};
/* End XCBuildConfiguration section */

/* Begin XCConfigurationList section */
		475DFF52578BCD0CAEF4FD8F /* Build configuration list for PBXProject "Cast" */ = {
			isa = XCConfigurationList;
			buildConfigurations = (
				88BF24FAECC486CD37124332 /* Debug */,
				B2673F3C85FCCC8C7D595666 /* Release */,
			);
			defaultConfigurationIsVisible = 0;
			defaultConfigurationName = Debug;
		};
		DADD3C604D4A41E5C4EB6990 /* Build configuration list for PBXNativeTarget "Cast" */ = {
			isa = XCConfigurationList;
			buildConfigurations = (
				F3710559BCBB654BEC5BBE9F /* Debug */,
				75D2E778EE0FE35E9F679912 /* Release */,
			);
			defaultConfigurationIsVisible = 0;
			defaultConfigurationName = Debug;
		};
/* End XCConfigurationList section */
	};
	rootObject = C83C3A8B00D9B9AB0327273F /* Project object */;
}
